
Microsoft Visual Studio Solution File, Format Version 12.00
# Visual Studio 15
VisualStudioVersion = 15.0.26124.0
MinimumVisualStudioVersion = 15.0.26124.0
Project("{2150E333-8FDC-42A3-9474-1A3956D46DE8}") = "src", "src", "{8568D1C5-CD48-46BF-A82B-64364502CD5B}"
EndProject
Project("{FAE04EC0-301F-11D3-BF4B-00C04F79EFBC}") = "DateOnly", "src\DateOnly\DateOnly.csproj", "{D8EFC7CD-C5A7-4D84-A026-92F8403377FB}"
EndProject
Project("{FAE04EC0-301F-11D3-BF4B-00C04F79EFBC}") = "DateOnly.UnitTests", "test\DateOnly.UnitTests\DateOnly.UnitTests.csproj", "{F764BFE3-4310-495A-AB59-C0BEA1F201C6}"
EndProject
Project("{2150E333-8FDC-42A3-9474-1A3956D46DE8}") = "test", "test", "{06175EA3-9491-4ED7-98CF-E873CA8916D4}"
EndProject
Project("{FAE04EC0-301F-11D3-BF4B-00C04F79EFBC}") = "DateOnly.EFCoreTests", "test\DateOnly.EFCoreTests\DateOnly.EFCoreTests.csproj", "{06AD0AC3-2240-4886-A53B-08F90E4D8290}"
EndProject
Global
	GlobalSection(SolutionConfigurationPlatforms) = preSolution
		Debug|Any CPU = Debug|Any CPU
		Debug|x64 = Debug|x64
		Debug|x86 = Debug|x86
		Release|Any CPU = Release|Any CPU
		Release|x64 = Release|x64
		Release|x86 = Release|x86
	EndGlobalSection
	GlobalSection(SolutionProperties) = preSolution
		HideSolutionNode = FALSE
	EndGlobalSection
	GlobalSection(ProjectConfigurationPlatforms) = postSolution
		{D8EFC7CD-C5A7-4D84-A026-92F8403377FB}.Debug|Any CPU.ActiveCfg = Debug|Any CPU
		{D8EFC7CD-C5A7-4D84-A026-92F8403377FB}.Debug|Any CPU.Build.0 = Debug|Any CPU
		{D8EFC7CD-C5A7-4D84-A026-92F8403377FB}.Debug|x64.ActiveCfg = Debug|Any CPU
		{D8EFC7CD-C5A7-4D84-A026-92F8403377FB}.Debug|x64.Build.0 = Debug|Any CPU
		{D8EFC7CD-C5A7-4D84-A026-92F8403377FB}.Debug|x86.ActiveCfg = Debug|Any CPU
		{D8EFC7CD-C5A7-4D84-A026-92F8403377FB}.Debug|x86.Build.0 = Debug|Any CPU
		{D8EFC7CD-C5A7-4D84-A026-92F8403377FB}.Release|Any CPU.ActiveCfg = Release|Any CPU
		{D8EFC7CD-C5A7-4D84-A026-92F8403377FB}.Release|Any CPU.Build.0 = Release|Any CPU
		{D8EFC7CD-C5A7-4D84-A026-92F8403377FB}.Release|x64.ActiveCfg = Release|Any CPU
		{D8EFC7CD-C5A7-4D84-A026-92F8403377FB}.Release|x64.Build.0 = Release|Any CPU
		{D8EFC7CD-C5A7-4D84-A026-92F8403377FB}.Release|x86.ActiveCfg = Release|Any CPU
		{D8EFC7CD-C5A7-4D84-A026-92F8403377FB}.Release|x86.Build.0 = Release|Any CPU
		{F764BFE3-4310-495A-AB59-C0BEA1F201C6}.Debug|Any CPU.ActiveCfg = Debug|Any CPU
		{F764BFE3-4310-495A-AB59-C0BEA1F201C6}.Debug|Any CPU.Build.0 = Debug|Any CPU
		{F764BFE3-4310-495A-AB59-C0BEA1F201C6}.Debug|x64.ActiveCfg = Debug|Any CPU
		{F764BFE3-4310-495A-AB59-C0BEA1F201C6}.Debug|x64.Build.0 = Debug|Any CPU
		{F764BFE3-4310-495A-AB59-C0BEA1F201C6}.Debug|x86.ActiveCfg = Debug|Any CPU
		{F764BFE3-4310-495A-AB59-C0BEA1F201C6}.Debug|x86.Build.0 = Debug|Any CPU
		{F764BFE3-4310-495A-AB59-C0BEA1F201C6}.Release|Any CPU.ActiveCfg = Release|Any CPU
		{F764BFE3-4310-495A-AB59-C0BEA1F201C6}.Release|Any CPU.Build.0 = Release|Any CPU
		{F764BFE3-4310-495A-AB59-C0BEA1F201C6}.Release|x64.ActiveCfg = Release|Any CPU
		{F764BFE3-4310-495A-AB59-C0BEA1F201C6}.Release|x64.Build.0 = Release|Any CPU
		{F764BFE3-4310-495A-AB59-C0BEA1F201C6}.Release|x86.ActiveCfg = Release|Any CPU
		{F764BFE3-4310-495A-AB59-C0BEA1F201C6}.Release|x86.Build.0 = Release|Any CPU
		{06AD0AC3-2240-4886-A53B-08F90E4D8290}.Debug|Any CPU.ActiveCfg = Debug|Any CPU
		{06AD0AC3-2240-4886-A53B-08F90E4D8290}.Debug|Any CPU.Build.0 = Debug|Any CPU
		{06AD0AC3-2240-4886-A53B-08F90E4D8290}.Debug|x64.ActiveCfg = Debug|Any CPU
		{06AD0AC3-2240-4886-A53B-08F90E4D8290}.Debug|x64.Build.0 = Debug|Any CPU
		{06AD0AC3-2240-4886-A53B-08F90E4D8290}.Debug|x86.ActiveCfg = Debug|Any CPU
		{06AD0AC3-2240-4886-A53B-08F90E4D8290}.Debug|x86.Build.0 = Debug|Any CPU
		{06AD0AC3-2240-4886-A53B-08F90E4D8290}.Release|Any CPU.ActiveCfg = Release|Any CPU
		{06AD0AC3-2240-4886-A53B-08F90E4D8290}.Release|Any CPU.Build.0 = Release|Any CPU
		{06AD0AC3-2240-4886-A53B-08F90E4D8290}.Release|x64.ActiveCfg = Release|Any CPU
		{06AD0AC3-2240-4886-A53B-08F90E4D8290}.Release|x64.Build.0 = Release|Any CPU
		{06AD0AC3-2240-4886-A53B-08F90E4D8290}.Release|x86.ActiveCfg = Release|Any CPU
		{06AD0AC3-2240-4886-A53B-08F90E4D8290}.Release|x86.Build.0 = Release|Any CPU
	EndGlobalSection
	GlobalSection(NestedProjects) = preSolution
		{D8EFC7CD-C5A7-4D84-A026-92F8403377FB} = {8568D1C5-CD48-46BF-A82B-64364502CD5B}
		{F764BFE3-4310-495A-AB59-C0BEA1F201C6} = {8568D1C5-CD48-46BF-A82B-64364502CD5B}
		{06AD0AC3-2240-4886-A53B-08F90E4D8290} = {06175EA3-9491-4ED7-98CF-E873CA8916D4}
	EndGlobalSection
EndGlobal
